# THIS IS AN AUTOGENERATED FILE. DO NOT EDIT THIS FILE DIRECTLY.
# yarn lockfile v1


"@emnapi/runtime@^1.7.0":
  version "1.11.3"
  resolved "https://registry.yarnpkg.com/@emnapi/runtime/-/runtime-1.11.3.tgz#84257ae3b0531eb2aec1ffa23d70700da007ba95"
  integrity sha512-Xz4Tpyki7XyrpbUK1jR1AhdAdaXyhhY4lZ3neLodmhpuWfy2PAQN5B46sAiU4liOXGLkHypn/qU+jvfWSCYYLA==
  dependencies:
    tslib "^2.4.0"

"@heroicons/react@1.0.6":
  version "1.0.6"
  resolved "https://registry.yarnpkg.com/@heroicons/react/-/react-1.0.6.tgz#35dd26987228b39ef2316db3b1245c42eb19e324"
  integrity sha512-JJCXydOFWMDpCP4q13iEplA503MQO3xLoZiKum+955ZCtHINWnx26CUxVxxFQu/uLb4LW3ge15ZpzIkXKkJ8oQ==

"@img/colour@^1.0.0":
  version "1.1.0"
  resolved "https://registry.yarnpkg.com/@img/colour/-/colour-1.1.0.tgz#b0c2c2fa661adf75effd6b4964497cd80010bb9d"
  integrity sha512-Td76q7j57o/tLVdgS746cYARfSyxk8iEfRxewL9h4OMzYhbW4TAcppl0mT4eyqXddh6L/jwoM75mo7ixa/pCeQ==

"@img/sharp-darwin-arm64@0.34.5":
  version "0.34.5"
  resolved "https://registry.yarnpkg.com/@img/sharp-darwin-arm64/-/sharp-darwin-arm64-0.34.5.tgz#6e0732dcade126b6670af7aa17060b926835ea86"
  integrity sha512-imtQ3WMJXbMY4fxb/Ndp6HBTNVtWCUI0WdobyheGf5+ad6xX8VIDO8u2xE4qc/fr08CKG/7dDseFtn6M6g/r3w==
  optionalDependencies:
    "@img/sharp-libvips-darwin-arm64" "1.2.4"

"@img/sharp-darwin-x64@0.34.5":
  version "0.34.5"
  resolved "https://registry.yarnpkg.com/@img/sharp-darwin-x64/-/sharp-darwin-x64-0.34.5.tgz#19bc1dd6eba6d5a96283498b9c9f401180ee9c7b"
  integrity sha512-YNEFAF/4KQ/PeW0N+r+aVVsoIY0/qxxikF2SWdp+NRkmMB7y9LBZAVqQ4yhGCm/H3H270OSykqmQMKLBhBJDEw==
  optionalDependencies:
    "@img/sharp-libvips-darwin-x64" "1.2.4"

"@img/sharp-libvips-darwin-arm64@1.2.4":
  version "1.2.4"
  resolved "https://registry.yarnpkg.com/@img/sharp-libvips-darwin-arm64/-/sharp-libvips-darwin-arm64-1.2.4.tgz#2894c0cb87d42276c3889942e8e2db517a492c43"
  integrity sha512-zqjjo7RatFfFoP0MkQ51jfuFZBnVE2pRiaydKJ1G/rHZvnsrHAOcQALIi9sA5co5xenQdTugCvtb1cuf78Vf4g==

"@img/sharp-libvips-darwin-x64@1.2.4":
  version "1.2.4"
  resolved "https://registry.yarnpkg.com/@img/sharp-libvips-darwin-x64/-/sharp-libvips-darwin-x64-1.2.4.tgz#e63681f4539a94af9cd17246ed8881734386f8cc"
  integrity sha512-1IOd5xfVhlGwX+zXv2N93k0yMONvUlANylbJw1eTah8K/Jtpi15KC+WSiaX/nBmbm2HxRM1gZ0nSdjSsrZbGKg==

"@img/sharp-libvips-linux-arm64@1.2.4":
  version "1.2.4"
  resolved "https://registry.yarnpkg.com/@img/sharp-libvips-linux-arm64/-/sharp-libvips-linux-arm64-1.2.4.tgz#b1b288b36864b3bce545ad91fa6dadcf1a4ad318"
  integrity sha512-excjX8DfsIcJ10x1Kzr4RcWe1edC9PquDRRPx3YVCvQv+U5p7Yin2s32ftzikXojb1PIFc/9Mt28/y+iRklkrw==

"@img/sharp-libvips-linux-arm@1.2.4":
  version "1.2.4"
  resolved "https://registry.yarnpkg.com/@img/sharp-libvips-linux-arm/-/sharp-libvips-linux-arm-1.2.4.tgz#b9260dd1ebe6f9e3bdbcbdcac9d2ac125f35852d"
  integrity sha512-bFI7xcKFELdiNCVov8e44Ia4u2byA+l3XtsAj+Q8tfCwO6BQ8iDojYdvoPMqsKDkuoOo+X6HZA0s0q11ANMQ8A==

"@img/sharp-libvips-linux-ppc64@1.2.4":
  version "1.2.4"
  resolved "https://registry.yarnpkg.com/@img/sharp-libvips-linux-ppc64/-/sharp-libvips-linux-ppc64-1.2.4.tgz#4b83ecf2a829057222b38848c7b022e7b4d07aa7"
  integrity sha512-FMuvGijLDYG6lW+b/UvyilUWu5Ayu+3r2d1S8notiGCIyYU/76eig1UfMmkZ7vwgOrzKzlQbFSuQfgm7GYUPpA==

"@img/sharp-libvips-linux-riscv64@1.2.4":
  version "1.2.4"
  resolved "https://registry.yarnpkg.com/@img/sharp-libvips-linux-riscv64/-/sharp-libvips-linux-riscv64-1.2.4.tgz#880b4678009e5a2080af192332b00b0aaf8a48de"
  integrity sha512-oVDbcR4zUC0ce82teubSm+x6ETixtKZBh/qbREIOcI3cULzDyb18Sr/Wcyx7NRQeQzOiHTNbZFF1UwPS2scyGA==

"@img/sharp-libvips-linux-s390x@1.2.4":
  version "1.2.4"
  resolved "https://registry.yarnpkg.com/@img/sharp-libvips-linux-s390x/-/sharp-libvips-linux-s390x-1.2.4.tgz#74f343c8e10fad821b38f75ced30488939dc59ec"
  integrity sha512-qmp9VrzgPgMoGZyPvrQHqk02uyjA0/QrTO26Tqk6l4ZV0MPWIW6LTkqOIov+J1yEu7MbFQaDpwdwJKhbJvuRxQ==

"@img/sharp-libvips-linux-x64@1.2.4":
  version "1.2.4"
  resolved "https://registry.yarnpkg.com/@img/sharp-libvips-linux-x64/-/sharp-libvips-linux-x64-1.2.4.tgz#df4183e8bd8410f7d61b66859a35edeab0a531ce"
  integrity sha512-tJxiiLsmHc9Ax1bz3oaOYBURTXGIRDODBqhveVHonrHJ9/+k89qbLl0bcJns+e4t4rvaNBxaEZsFtSfAdquPrw==

"@img/sharp-libvips-linuxmusl-arm64@1.2.4":
  version "1.2.4"
  resolved "https://registry.yarnpkg.com/@img/sharp-libvips-linuxmusl-arm64/-/sharp-libvips-linuxmusl-arm64-1.2.4.tgz#c8d6b48211df67137541007ee8d1b7b1f8ca8e06"
  integrity sha512-FVQHuwx1IIuNow9QAbYUzJ+En8KcVm9Lk5+uGUQJHaZmMECZmOlix9HnH7n1TRkXMS0pGxIJokIVB9SuqZGGXw==

"@img/sharp-libvips-linuxmusl-x64@1.2.4":
  version "1.2.4"
  resolved "https://registry.yarnpkg.com/@img/sharp-libvips-linuxmusl-x64/-/sharp-libvips-linuxmusl-x64-1.2.4.tgz#be11c75bee5b080cbee31a153a8779448f919f75"
  integrity sha512-+LpyBk7L44ZIXwz/VYfglaX/okxezESc6UxDSoyo2Ks6Jxc4Y7sGjpgU9s4PMgqgjj1gZCylTieNamqA1MF7Dg==

"@img/sharp-linux-arm64@0.34.5":
  version "0.34.5"
  resolved "https://registry.yarnpkg.com/@img/sharp-linux-arm64/-/sharp-linux-arm64-0.34.5.tgz#7aa7764ef9c001f15e610546d42fce56911790cc"
  integrity sha512-bKQzaJRY/bkPOXyKx5EVup7qkaojECG6NLYswgktOZjaXecSAeCWiZwwiFf3/Y+O1HrauiE3FVsGxFg8c24rZg==
  optionalDependencies:
    "@img/sharp-libvips-linux-arm64" "1.2.4"

"@img/sharp-linux-arm@0.34.5":
  version "0.34.5"
  resolved "https://registry.yarnpkg.com/@img/sharp-linux-arm/-/sharp-linux-arm-0.34.5.tgz#5fb0c3695dd12522d39c3ff7a6bc816461780a0d"
  integrity sha512-9dLqsvwtg1uuXBGZKsxem9595+ujv0sJ6Vi8wcTANSFpwV/GONat5eCkzQo/1O6zRIkh0m/8+5BjrRr7jDUSZw==
  optionalDependencies:
    "@img/sharp-libvips-linux-arm" "1.2.4"

"@img/sharp-linux-ppc64@0.34.5":
  version "0.34.5"
  resolved "https://registry.yarnpkg.com/@img/sharp-linux-ppc64/-/sharp-linux-ppc64-0.34.5.tgz#9c213a81520a20caf66978f3d4c07456ff2e0813"
  integrity sha512-7zznwNaqW6YtsfrGGDA6BRkISKAAE1Jo0QdpNYXNMHu2+0dTrPflTLNkpc8l7MUP5M16ZJcUvysVWWrMefZquA==
  optionalDependencies:
    "@img/sharp-libvips-linux-ppc64" "1.2.4"

"@img/sharp-linux-riscv64@0.34.5":
  version "0.34.5"
  resolved "https://registry.yarnpkg.com/@img/sharp-linux-riscv64/-/sharp-linux-riscv64-0.34.5.tgz#cdd28182774eadbe04f62675a16aabbccb833f60"
  integrity sha512-51gJuLPTKa7piYPaVs8GmByo7/U7/7TZOq+cnXJIHZKavIRHAP77e3N2HEl3dgiqdD/w0yUfiJnII77PuDDFdw==
  optionalDependencies:
    "@img/sharp-libvips-linux-riscv64" "1.2.4"

"@img/sharp-linux-s390x@0.34.5":
  version "0.34.5"
  resolved "https://registry.yarnpkg.com/@img/sharp-linux-s390x/-/sharp-linux-s390x-0.34.5.tgz#93eac601b9f329bb27917e0e19098c722d630df7"
  integrity sha512-nQtCk0PdKfho3eC5MrbQoigJ2gd1CgddUMkabUj+rBevs8tZ2cULOx46E7oyX+04WGfABgIwmMC0VqieTiR4jg==
  optionalDependencies:
    "@img/sharp-libvips-linux-s390x" "1.2.4"

"@img/sharp-linux-x64@0.34.5":
  version "0.34.5"
  resolved "https://registry.yarnpkg.com/@img/sharp-linux-x64/-/sharp-linux-x64-0.34.5.tgz#55abc7cd754ffca5002b6c2b719abdfc846819a8"
  integrity sha512-MEzd8HPKxVxVenwAa+JRPwEC7QFjoPWuS5NZnBt6B3pu7EG2Ge0id1oLHZpPJdn3OQK+BQDiw9zStiHBTJQQQQ==
  optionalDependencies:
    "@img/sharp-libvips-linux-x64" "1.2.4"

"@img/sharp-linuxmusl-arm64@0.34.5":
  version "0.34.5"
  resolved "https://registry.yarnpkg.com/@img/sharp-linuxmusl-arm64/-/sharp-linuxmusl-arm64-0.34.5.tgz#d6515ee971bb62f73001a4829b9d865a11b77086"
  integrity sha512-fprJR6GtRsMt6Kyfq44IsChVZeGN97gTD331weR1ex1c1rypDEABN6Tm2xa1wE6lYb5DdEnk03NZPqA7Id21yg==
  optionalDependencies:
    "@img/sharp-libvips-linuxmusl-arm64" "1.2.4"

"@img/sharp-linuxmusl-x64@0.34.5":
  version "0.34.5"
  resolved "https://registry.yarnpkg.com/@img/sharp-linuxmusl-x64/-/sharp-linuxmusl-x64-0.34.5.tgz#d97978aec7c5212f999714f2f5b736457e12ee9f"
  integrity sha512-Jg8wNT1MUzIvhBFxViqrEhWDGzqymo3sV7z7ZsaWbZNDLXRJZoRGrjulp60YYtV4wfY8VIKcWidjojlLcWrd8Q==
  optionalDependencies:
    "@img/sharp-libvips-linuxmusl-x64" "1.2.4"

"@img/sharp-wasm32@0.34.5":
  version "0.34.5"
  resolved "https://registry.yarnpkg.com/@img/sharp-wasm32/-/sharp-wasm32-0.34.5.tgz#2f15803aa626f8c59dd7c9d0bbc766f1ab52cfa0"
  integrity sha512-OdWTEiVkY2PHwqkbBI8frFxQQFekHaSSkUIJkwzclWZe64O1X4UlUjqqqLaPbUpMOQk6FBu/HtlGXNblIs0huw==
  dependencies:
    "@emnapi/runtime" "^1.7.0"

"@img/sharp-win32-arm64@0.34.5":
  version "0.34.5"
  resolved "https://registry.yarnpkg.com/@img/sharp-win32-arm64/-/sharp-win32-arm64-0.34.5.tgz#3706e9e3ac35fddfc1c87f94e849f1b75307ce0a"
  integrity sha512-WQ3AgWCWYSb2yt+IG8mnC6Jdk9Whs7O0gxphblsLvdhSpSTtmu69ZG1Gkb6NuvxsNACwiPV6cNSZNzt0KPsw7g==

"@img/sharp-win32-ia32@0.34.5":
  version "0.34.5"
  resolved "https://registry.yarnpkg.com/@img/sharp-win32-ia32/-/sharp-win32-ia32-0.34.5.tgz#0b71166599b049e032f085fb9263e02f4e4788de"
  integrity sha512-FV9m/7NmeCmSHDD5j4+4pNI8Cp3aW+JvLoXcTUo0IqyjSfAZJ8dIUmijx1qaJsIiU+Hosw6xM5KijAWRJCSgNg==

"@img/sharp-win32-x64@0.34.5":
  version "0.34.5"
  resolved "https://registry.yarnpkg.com/@img/sharp-win32-x64/-/sharp-win32-x64-0.34.5.tgz#a81ffb00e69267cd0a1d626eaedb8a8430b2b2f8"
  integrity sha512-+29YMsqY2/9eFEiW93eqWnuLcWcufowXewwSNIT6UwZdUUCrM3oFjMWH/Z6/TMmb4hlFenmfAVbpWeup2jryCw==

"@next/env@16.2.12":
  version "16.2.12"
  resolved "https://registry.yarnpkg.com/@next/env/-/env-16.2.12.tgz#64b4efce303c53da7f942a0f39eb7b84f89bb543"
  integrity sha512-d0Z5Bc13Fa4nR8pFAKx2jay2yhJM16vlfHbTzYnUQAxlNb6B6lmn4hjt69lYNt4kRtyYP6gEM49lPRHNbIyneg==

"@next/swc-darwin-arm64@16.2.12":
  version "16.2.12"
  resolved "https://registry.yarnpkg.com/@next/swc-darwin-arm64/-/swc-darwin-arm64-16.2.12.tgz#8c415904e0196d2ea9885a4188c6a95924185292"
  integrity sha512-0W1R0teHWJrqKX0FH20IzzIWAOuGtBxPGuObrxy1lE8hQvCFj49KE8a3WUg0D7sq6rn6zkM4c7YGUnhudBS6oA==

"@next/swc-darwin-x64@16.2.12":
  version "16.2.12"
  resolved "https://registry.yarnpkg.com/@next/swc-darwin-x64/-/swc-darwin-x64-16.2.12.tgz#0dcbad426a42f2cdbf78f8a65c2537f8f9850569"
  integrity sha512-Hy5Ls099+aFUmOLmIgPfLqNi6iCwhL3uQCssz5rWk+5Nkc6TUKCE83DY5BbNylfm3+mfwcSFnLRfrZDJhVxdtw==

"@next/swc-linux-arm64-gnu@16.2.12":
  version "16.2.12"
  resolved "https://registry.yarnpkg.com/@next/swc-linux-arm64-gnu/-/swc-linux-arm64-gnu-16.2.12.tgz#83286d4d22ad88dc5a765e1a91dba9a19615372e"
  integrity sha512-+YqU2h1cQkHsGfvjAsrSmst8UIFBibBGm5x3Xgel8NLMiDQtNOM4sM2GOEMvG5YiOBNeN/Ykk8cQC2S0Xrqljg==

"@next/swc-linux-arm64-musl@16.2.12":
  version "16.2.12"
  resolved "https://registry.yarnpkg.com/@next/swc-linux-arm64-musl/-/swc-linux-arm64-musl-16.2.12.tgz#3aaa7fa98b4bfd2487ceb09fd5c1496ef0a080ea"
  integrity sha512-0qjhiYBaKAqF63LA1ZWAAnKTzFUguAaZiRa5etMLGGPj/B6uEVjtIZldIzFEp3wHlB0koK6aTzqPtSdplTCjoA==

"@next/swc-linux-x64-gnu@16.2.12":
  version "16.2.12"
  resolved "https://registry.yarnpkg.com/@next/swc-linux-x64-gnu/-/swc-linux-x64-gnu-16.2.12.tgz#1d27087b852121471de183227170c933a9026117"
  integrity sha512-7A3q26W+h7gnA15uqBToNuDqBEFZZcqh0mW2mn4AJh/G5pdg2RVE3n4slzLEliASZFG3NmsbEzng/x2Sh09mBg==

"@next/swc-linux-x64-musl@16.2.12":
  version "16.2.12"
  resolved "https://registry.yarnpkg.com/@next/swc-linux-x64-musl/-/swc-linux-x64-musl-16.2.12.tgz#a34f6236a2f77523e31e41ef98a1cd2c84f2f17c"
  integrity sha512-qSjL/uppm+cbh21s72Ss8gkiOhQ4dExWHNGOWy6eZV7STj5WsKehgxT61beSsOj+YYQuTplL376lOCdMQU5T8w==

"@next/swc-win32-arm64-msvc@16.2.12":
  version "16.2.12"
  resolved "https://registry.yarnpkg.com/@next/swc-win32-arm64-msvc/-/swc-win32-arm64-msvc-16.2.12.tgz#c073d27123301269d4cae56b3513e7718632130a"
  integrity sha512-X6hzsOUJac/e7AWSbn9gQ9nzHld1xWP5iyjHpYWvud8pufB679O1xg4JDyKr8Xd69Jvd+kM2Der6uftiZCmjYA==

"@next/swc-win32-x64-msvc@16.2.12":
  version "16.2.12"
  resolved "https://registry.yarnpkg.com/@next/swc-win32-x64-msvc/-/swc-win32-x64-msvc-16.2.12.tgz#1d75fd3b4ff50609ad19956718e0920cfa70f0f5"
  integrity sha512-F6fakeHuFTLOPt0bslQJdf+xtT+WIP9DVn/m4y1w1mRnVPyh3D/cNvzlRkxM444xfm+IvvYNSOrKiA2CDJ0Uxw==

"@nodelib/fs.scandir@2.1.5":
  version "2.1.5"
  resolved "https://registry.yarnpkg.com/@nodelib/fs.scandir/-/fs.scandir-2.1.5.tgz#7619c2eb21b25483f6d167548b4cfd5a7488c3d5"
  integrity sha512-vq24Bq3ym5HEQm2NKCr3yXDwjc7vTsEThRDnkp2DK9p1uqLR+DHurm/NOTo0KG7HYHU7eppKZj3MyqYuMBf62g==
  dependencies:
    "@nodelib/fs.stat" "2.0.5"
    run-parallel "^1.1.9"

"@nodelib/fs.stat@2.0.5", "@nodelib/fs.stat@^2.0.2":
  version "2.0.5"
  resolved "https://registry.yarnpkg.com/@nodelib/fs.stat/-/fs.stat-2.0.5.tgz#5bd262af94e9d25bd1e71b05deed44876a222e8b"
  integrity sha512-RkhPPp2zrqDAQA/2jNhnztcPAlv64XdhIp7a7454A5ovI7Bukxgt7MX7udwAu3zg1DcpPU0rz3VV1SeaqvY4+A==

"@nodelib/fs.walk@^1.2.3":
  version "1.2.8"
  resolved "https://registry.yarnpkg.com/@nodelib/fs.walk/-/fs.walk-1.2.8.tgz#e95737e8bb6746ddedf69c556953494f196fe69a"
  integrity sha512-oGB+UxlgWcgQkgwo8GcEGwemoTFt3FIO9ababBmaGwXIoBKZ+GTy0pP185beGg7Llih/NSHSV2XAs1lnznocSg==
  dependencies:
    "@nodelib/fs.scandir" "2.1.5"
    fastq "^1.6.0"

"@swc/helpers@0.5.15":
  version "0.5.15"
  resolved "https://registry.yarnpkg.com/@swc/helpers/-/helpers-0.5.15.tgz#79efab344c5819ecf83a43f3f9f811fc84b516d7"
  integrity sha512-JQ5TuMi45Owi4/BIMAJBoSQoOJu12oOk/gADqlcUL9JEdHB8vyjUSsxqeNXnmXHjYKMi2WcYtezGEEhqUI/E2g==
  dependencies:
    tslib "^2.8.0"

"@types/node@17.0.4":
  version "17.0.4"
  resolved "https://registry.yarnpkg.com/@types/node/-/node-17.0.4.tgz#fec0ce0526abb6062fd206d72a642811b887a111"
  integrity sha512-6xwbrW4JJiJLgF+zNypN5wr2ykM9/jHcL7rQ8fZe2vuftggjzZeRSM4OwRc6Xk8qWjwJ99qVHo/JgOGmomWRog==

"@types/prop-types@*":
  version "15.7.5"
  resolved "https://registry.yarnpkg.com/@types/prop-types/-/prop-types-15.7.5.tgz#5f19d2b85a98e9558036f6a3cacc8819420f05cf"
  integrity sha512-JCB8C6SnDoQf0cNycqd/35A7MjcnK+ZTqE7judS6o7utxUCg6imJg3QK2qzHKszlTjcj2cn+NwMB2i96ubpj7w==

"@types/react@18.0.9":
  version "18.0.9"
  resolved "https://registry.yarnpkg.com/@types/react/-/react-18.0.9.tgz#d6712a38bd6cd83469603e7359511126f122e878"
  integrity sha512-9bjbg1hJHUm4De19L1cHiW0Jvx3geel6Qczhjd0qY5VKVE2X5+x77YxAepuCwVh4vrgZJdgEJw48zrhRIeF4Nw==
  dependencies:
    "@types/prop-types" "*"
    "@types/scheduler" "*"
    csstype "^3.0.2"

"@types/scheduler@*":
  version "0.16.2"
  resolved "https://registry.yarnpkg.com/@types/scheduler/-/scheduler-0.16.2.tgz#1a62f89525723dde24ba1b01b092bf5df8ad4d39"
  integrity sha512-hppQEBDmlwhFAXKJX2KnWLYu5yMfi91yazPb2l+lbJiwW+wdo1gNeRA+3RgNSO39WYX2euey41KEwnqesU2Jew==

acorn-node@^1.6.1:
  version "1.8.2"
  resolved "https://registry.yarnpkg.com/acorn-node/-/acorn-node-1.8.2.tgz#114c95d64539e53dede23de8b9d96df7c7ae2af8"
  integrity sha512-8mt+fslDufLYntIoPAaIMUe/lrbrehIiwmR3t2k9LljIzoigEPF27eLk2hy8zSGzmR/ogr7zbRKINMo1u0yh5A==
  dependencies:
    acorn "^7.0.0"
    acorn-walk "^7.0.0"
    xtend "^4.0.2"

acorn-walk@^7.0.0:
  version "7.2.0"
  resolved "https://registry.yarnpkg.com/acorn-walk/-/acorn-walk-7.2.0.tgz#0de889a601203909b0fbe07b8938dc21d2e967bc"
  integrity sha512-OPdCF6GsMIP+Az+aWfAAOEt2/+iVDKE7oy6lJ098aoe59oAmK76qV6Gw60SbZ8jHuG2wH058GF4pLFbYamYrVA==

acorn@^7.0.0:
  version "7.4.1"
  resolved "https://registry.yarnpkg.com/acorn/-/acorn-7.4.1.tgz#feaed255973d2e77555b83dbc08851a6c63520fa"
  integrity sha512-nQyp0o1/mNdbTO1PO6kHkwSrmgZ0MT/jCCpNiwbUjGoRN4dlBhqJtoQuCnEOKzgTVwg0ZWiCoQy6SxMebQVh8A==

anymatch@~3.1.2:
  version "3.1.2"
  resolved "https://registry.yarnpkg.com/anymatch/-/anymatch-3.1.2.tgz#c0557c096af32f106198f4f4e2a383537e378716"
  integrity sha512-P43ePfOAIupkguHUycrc4qJ9kz8ZiuOUijaETwX7THt0Y/GNK7v0aa8rY816xWjZ7rJdA5XdMcpVFTKMq+RvWg==
  dependencies:
    normalize-path "^3.0.0"
    picomatch "^2.0.4"

arg@^5.0.1:
  version "5.0.1"
  resolved "https://registry.yarnpkg.com/arg/-/arg-5.0.1.tgz#eb0c9a8f77786cad2af8ff2b862899842d7b6adb"
  integrity sha512-e0hDa9H2Z9AwFkk2qDlwhoMYE4eToKarchkQHovNdLTCYMHZHeRjI71crOh+dio4K6u1IcwubQqo79Ga4CyAQA==

autoprefixer@10.4.7:
  version "10.4.7"
  resolved "https://registry.yarnpkg.com/autoprefixer/-/autoprefixer-10.4.7.tgz#1db8d195f41a52ca5069b7593be167618edbbedf"
  integrity sha512-ypHju4Y2Oav95SipEcCcI5J7CGPuvz8oat7sUtYj3ClK44bldfvtvcxK6IEK++7rqB7YchDGzweZIBG+SD0ZAA==
  dependencies:
    browserslist "^4.20.3"
    caniuse-lite "^1.0.30001335"
    fraction.js "^4.2.0"
    normalize-range "^0.1.2"
    picocolors "^1.0.0"
    postcss-value-parser "^4.2.0"

baseline-browser-mapping@^2.9.19:
  version "2.11.6"
  resolved "https://registry.yarnpkg.com/baseline-browser-mapping/-/baseline-browser-mapping-2.11.6.tgz#56934c812026ae4fcdb039fc790a94b9a7d81d63"
  integrity sha512-69D/imtToCsIcAl8WBS2YaRwA4jO/j0HhU+hELqMEu9f54MoUtI6+XH5mrKU8rEFNEk/Ui1I2MK4/JkWacclGw==

binary-extensions@^2.0.0:
  version "2.2.0"
  resolved "https://registry.yarnpkg.com/binary-extensions/-/binary-extensions-2.2.0.tgz#75f502eeaf9ffde42fc98829645be4ea76bd9e2d"
  integrity sha512-jDctJ/IVQbZoJykoeHbhXpOlNBqGNcwXJKJog42E5HDPUwQTSdjCHdihjj0DlnheQ7blbT6dHOafNAiS8ooQKA==

braces@^3.0.2, braces@~3.0.2:
  version "3.0.2"
  resolved "https://registry.yarnpkg.com/braces/-/braces-3.0.2.tgz#3454e1a462ee8d599e236df336cd9ea4f8afe107"
  integrity sha512-b8um+L1RzM3WDSzvhm6gIz1yfTbBt6YTlcEKAvsmqCZZFw46z626lVj9j1yEPW33H5H+lBQpZMP1k8l+78Ha0A==
  dependencies:
    fill-range "^7.0.1"

browserslist@^4.20.3:
  version "4.20.3"
  resolved "https://registry.yarnpkg.com/browserslist/-/browserslist-4.20.3.tgz#eb7572f49ec430e054f56d52ff0ebe9be915f8bf"
  integrity sha512-NBhymBQl1zM0Y5dQT/O+xiLP9/rzOIQdKM/eMJBAq7yBgaB6krIYLGejrwVYnSHZdqjscB1SPuAjHwxjvN6Wdg==
  dependencies:
    caniuse-lite "^1.0.30001332"
    electron-to-chromium "^1.4.118"
    escalade "^3.1.1"
    node-releases "^2.0.3"
    picocolors "^1.0.0"

camelcase-css@^2.0.1:
  version "2.0.1"
  resolved "https://registry.yarnpkg.com/camelcase-css/-/camelcase-css-2.0.1.tgz#ee978f6947914cc30c6b44741b6ed1df7f043fd5"
  integrity sha512-QOSvevhslijgYwRx6Rv7zKdMF8lbRmx+uQGx2+vDc+KI/eBnsy9kit5aj23AgGu3pa4t9AgwbnXWqS+iOY+2aA==

caniuse-lite@^1.0.30001332, caniuse-lite@^1.0.30001335, caniuse-lite@^1.0.30001579:
  version "1.0.30001806"
  resolved "https://registry.yarnpkg.com/caniuse-lite/-/caniuse-lite-1.0.30001806.tgz#1bc8e502b723fa393455dfbedd5ccec0c29bb74e"
  integrity sha512-72Cuvd95zbSYPKq6Fhg8eDJRlzgWDf7/mtoZv6Qe/DYNCEBdNxoA3+rZAU2ZhGCpZlns3EssFavaZomckT5Uuw==

chokidar@^3.5.3:
  version "3.5.3"
  resolved "https://registry.yarnpkg.com/chokidar/-/chokidar-3.5.3.tgz#1cf37c8707b932bd1af1ae22c0432e2acd1903bd"
  integrity sha512-Dr3sfKRP6oTcjf2JmUmFJfeVMvXBdegxB0iVQ5eb2V10uFJUCAS8OByZdVAyVb8xXNz3GjjTgj9kLWsZTqE6kw==
  dependencies:
    anymatch "~3.1.2"
    braces "~3.0.2"
    glob-parent "~5.1.2"
    is-binary-path "~2.1.0"
    is-glob "~4.0.1"
    normalize-path "~3.0.0"
    readdirp "~3.6.0"
  optionalDependencies:
    fsevents "~2.3.2"

client-only@0.0.1:
  version "0.0.1"
  resolved "https://registry.yarnpkg.com/client-only/-/client-only-0.0.1.tgz#38bba5d403c41ab150bff64a95c85013cf73bca1"
  integrity sha512-IV3Ou0jSMzZrd3pZ48nLkT9DA7Ag1pnPzaiQhpW7c3RbcqqzvzzVu+L8gfqMp/8IM2MQtSiqaCxrrcfu8I8rMA==

color-name@^1.1.4:
  version "1.1.4"
  resolved "https://registry.yarnpkg.com/color-name/-/color-name-1.1.4.tgz#c2a09a87acbde69543de6f63fa3995c826c536a2"
  integrity sha512-dOy+3AuW3a2wNbZHIuMZpTcgjGuLU/uBL/ubcZF9OXbDo8ff4O8yVp5Bf0efS8uEoYo5q4Fx7dY9OgQGXgAsQA==

cssesc@^3.0.0:
  version "3.0.0"
  resolved "https://registry.yarnpkg.com/cssesc/-/cssesc-3.0.0.tgz#37741919903b868565e1c09ea747445cd18983ee"
  integrity sha512-/Tb/JcjK111nNScGob5MNtsntNM1aCNUDipB/TkwZFhyDrrE47SOx/18wF2bbjgc3ZzCSKW1T5nt5EbFoAz/Vg==

csstype@^3.0.2:
  version "3.0.11"
  resolved "https://registry.yarnpkg.com/csstype/-/csstype-3.0.11.tgz#d66700c5eacfac1940deb4e3ee5642792d85cd33"
  integrity sha512-sa6P2wJ+CAbgyy4KFssIb/JNMLxFvKF1pCYCSXS8ZMuqZnMsrxqI2E5sPyoTpxoPU/gVZMzr2zjOfg8GIZOMsw==

defined@^1.0.0:
  version "1.0.0"
  resolved "https://registry.yarnpkg.com/defined/-/defined-1.0.0.tgz#c98d9bcef75674188e110969151199e39b1fa693"
  integrity sha1-yY2bzvdWdBiOEQlpFRGZ45sfppM=

detect-libc@^2.1.2:
  version "2.1.2"
  resolved "https://registry.yarnpkg.com/detect-libc/-/detect-libc-2.1.2.tgz#689c5dcdc1900ef5583a4cb9f6d7b473742074ad"
  integrity sha512-Btj2BOOO83o3WyH59e8MgXsxEQVcarkUOpEYrubB0urwnN10yQ364rsiByU11nZlqWYZm05i/of7io4mzihBtQ==

detective@^5.2.0:
  version "5.2.0"
  resolved "https://registry.yarnpkg.com/detective/-/detective-5.2.0.tgz#feb2a77e85b904ecdea459ad897cc90a99bd2a7b"
  integrity sha512-6SsIx+nUUbuK0EthKjv0zrdnajCCXVYGmbYYiYjFVpzcjwEs/JMDZ8tPRG29J/HhN56t3GJp2cGSWDRjjot8Pg==
  dependencies:
    acorn-node "^1.6.1"
    defined "^1.0.0"
    minimist "^1.1.1"

didyoumean@^1.2.2:
  version "1.2.2"
  resolved "https://registry.yarnpkg.com/didyoumean/-/didyoumean-1.2.2.tgz#989346ffe9e839b4555ecf5666edea0d3e8ad037"
  integrity sha512-gxtyfqMg7GKyhQmb056K7M3xszy/myH8w+B4RT+QXBQsvAOdc3XymqDDPHx1BgPgsdAA5SIifona89YtRATDzw==

dlv@^1.1.3:
  version "1.1.3"
  resolved "https://registry.yarnpkg.com/dlv/-/dlv-1.1.3.tgz#5c198a8a11453596e751494d49874bc7732f2e79"
  integrity sha512-+HlytyjlPKnIG8XuRG8WvmBP8xs8P71y+SKKS6ZXWoEgLuePxtDoUEiH7WkdePWrQ5JBpE6aoVqfZfJUQkjXwA==

electron-to-chromium@^1.4.118:
  version "1.4.137"
  resolved "https://registry.yarnpkg.com/electron-to-chromium/-/electron-to-chromium-1.4.137.tgz#186180a45617283f1c012284458510cd99d6787f"
  integrity sha512-0Rcpald12O11BUogJagX3HsCN3FE83DSqWjgXoHo5a72KUKMSfI39XBgJpgNNxS9fuGzytaFjE06kZkiVFy2qA==

escalade@^3.1.1:
  version "3.1.1"
  resolved "https://registry.yarnpkg.com/escalade/-/escalade-3.1.1.tgz#d8cfdc7000965c5a0174b4a82eaa5c0552742e40"
  integrity sha512-k0er2gUkLf8O0zKJiAhmkTnJlTvINGv7ygDNPbeIsX/TJjGJZHuh9B2UxbsaEkmlEo9MfhrSzmhIlhRlI2GXnw==

fast-glob@^3.2.11:
  version "3.2.11"
  resolved "https://registry.yarnpkg.com/fast-glob/-/fast-glob-3.2.11.tgz#a1172ad95ceb8a16e20caa5c5e56480e5129c1d9"
  integrity sha512-xrO3+1bxSo3ZVHAnqzyuewYT6aMFHRAd4Kcs92MAonjwQZLsK9d0SF1IyQ3k5PoirxTW0Oe/RqFgMQ6TcNE5Ew==
  dependencies:
    "@nodelib/fs.stat" "^2.0.2"
    "@nodelib/fs.walk" "^1.2.3"
    glob-parent "^5.1.2"
    merge2 "^1.3.0"
    micromatch "^4.0.4"

fastq@^1.6.0:
  version "1.13.0"
  resolved "https://registry.yarnpkg.com/fastq/-/fastq-1.13.0.tgz#616760f88a7526bdfc596b7cab8c18938c36b98c"
  integrity sha512-YpkpUnK8od0o1hmeSc7UUs/eB/vIPWJYjKck2QKIzAf71Vm1AAQ3EbuZB3g2JIy+pg+ERD0vqI79KyZiB2e2Nw==
  dependencies:
    reusify "^1.0.4"

fill-range@^7.0.1:
  version "7.0.1"
  resolved "https://registry.yarnpkg.com/fill-range/-/fill-range-7.0.1.tgz#1919a6a7c75fe38b2c7c77e5198535da9acdda40"
  integrity sha512-qOo9F+dMUmC2Lcb4BbVvnKJxTPjCm+RRpe4gDuGrzkL7mEVl/djYSu2OdQ2Pa302N4oqkSg9ir6jaLWJ2USVpQ==
  dependencies:
    to-regex-range "^5.0.1"

fraction.js@^4.2.0:
  version "4.2.0"
  resolved "https://registry.yarnpkg.com/fraction.js/-/fraction.js-4.2.0.tgz#448e5109a313a3527f5a3ab2119ec4cf0e0e2950"
  integrity sha512-MhLuK+2gUcnZe8ZHlaaINnQLl0xRIGRfcGk2yl8xoQAfHrSsL3rYu6FCmBdkdbhc9EPlwyGHewaRsvwRMJtAlA==

fsevents@~2.3.2:
  version "2.3.2"
  resolved "https://registry.yarnpkg.com/fsevents/-/fsevents-2.3.2.tgz#8a526f78b8fdf4623b709e0b975c52c24c02fd1a"
  integrity sha512-xiqMQR4xAeHTuB9uWm+fFRcIOgKBMiOBP+eXiyT7jsgVCq1bkVygt00oASowB7EdtpOHaaPgKt812P9ab+DDKA==

function-bind@^1.1.1:
  version "1.1.1"
  resolved "https://registry.yarnpkg.com/function-bind/-/function-bind-1.1.1.tgz#a56899d3ea3c9bab874bb9773b7c5ede92f4895d"
  integrity sha512-yIovAzMX49sF8Yl58fSCWJ5svSLuaibPxXQJFLmBObTuCr0Mf1KiPopGM9NiFjiYBCbfaa2Fh6breQ6ANVTI0A==

glob-parent@^5.1.2, glob-parent@~5.1.2:
  version "5.1.2"
  resolved "https://registry.yarnpkg.com/glob-parent/-/glob-parent-5.1.2.tgz#869832c58034fe68a4093c17dc15e8340d8401c4"
  integrity sha512-AOIgSQCepiJYwP3ARnGx+5VnTu2HBYdzbGP45eLw1vr3zB3vZLeyed1sC9hnbcOc9/SrMyM5RPQrkGz4aS9Zow==
  dependencies:
    is-glob "^4.0.1"

glob-parent@^6.0.2:
  version "6.0.2"
  resolved "https://registry.yarnpkg.com/glob-parent/-/glob-parent-6.0.2.tgz#6d237d99083950c79290f24c7642a3de9a28f9e3"
  integrity sha512-XxwI8EOhVQgWp6iDL+3b0r86f4d6AX6zSU55HfB4ydCEuXLXc5FcYeOu+nnGftS4TEju/11rt4KJPTMgbfmv4A==
  dependencies:
    is-glob "^4.0.3"

has@^1.0.3:
  version "1.0.3"
  resolved "https://registry.yarnpkg.com/has/-/has-1.0.3.tgz#722d7cbfc1f6aa8241f16dd814e011e1f41e8796"
  integrity sha512-f2dvO0VU6Oej7RkWJGrehjbzMAjFp5/VKPp5tTpWIV4JHHZK1/BxbFRtf/siA2SWTe09caDmVtYYzWEIbBS4zw==
  dependencies:
    function-bind "^1.1.1"

is-binary-path@~2.1.0:
  version "2.1.0"
  resolved "https://registry.yarnpkg.com/is-binary-path/-/is-binary-path-2.1.0.tgz#ea1f7f3b80f064236e83470f86c09c254fb45b09"
  integrity sha512-ZMERYes6pDydyuGidse7OsHxtbI7WVeUEozgR/g7rd0xUimYNlvZRE/K2MgZTjWy725IfelLeVcEM97mmtRGXw==
  dependencies:
    binary-extensions "^2.0.0"

is-core-module@^2.8.1:
  version "2.9.0"
  resolved "https://registry.yarnpkg.com/is-core-module/-/is-core-module-2.9.0.tgz#e1c34429cd51c6dd9e09e0799e396e27b19a9c69"
  integrity sha512-+5FPy5PnwmO3lvfMb0AsoPaBG+5KHUI0wYFXOtYPnVVVspTFUuMZNfNaNVRt3FZadstu2c8x23vykRW/NBoU6A==
  dependencies:
    has "^1.0.3"

is-extglob@^2.1.1:
  version "2.1.1"
  resolved "https://registry.yarnpkg.com/is-extglob/-/is-extglob-2.1.1.tgz#a88c02535791f02ed37c76a1b9ea9773c833f8c2"
  integrity sha1-qIwCU1eR8C7TfHahueqXc8gz+MI=

is-glob@^4.0.1, is-glob@^4.0.3, is-glob@~4.0.1:
  version "4.0.3"
  resolved "https://registry.yarnpkg.com/is-glob/-/is-glob-4.0.3.tgz#64f61e42cbbb2eec2071a9dac0b28ba1e65d5084"
  integrity sha512-xelSayHH36ZgE7ZWhli7pW34hNbNl8Ojv5KVmkJD4hBdD3th8Tfk9vYasLM+mXWOZhFkgZfxhLSnrwRr4elSSg==
  dependencies:
    is-extglob "^2.1.1"

is-number@^7.0.0:
  version "7.0.0"
  resolved "https://registry.yarnpkg.com/is-number/-/is-number-7.0.0.tgz#7535345b896734d5f80c4d06c50955527a14f12b"
  integrity sha512-41Cifkg6e8TylSpdtTpeLVMqvSBEVzTttHvERD741+pnZ8ANv0004MRL43QKPDlK9cGvNp6NZWZUBlbGXYxxng==

"js-tokens@^3.0.0 || ^4.0.0":
  version "4.0.0"
  resolved "https://registry.yarnpkg.com/js-tokens/-/js-tokens-4.0.0.tgz#19203fb59991df98e3a287050d4647cdeaf32499"
  integrity sha512-RdJUflcE3cUzKiMqQgsCu06FPu9UdIJO0beYbPhHN4k6apgJtifcoCtT9bcxOpYBtpD2kCM6Sbzg4CausW/PKQ==

lilconfig@^2.0.5:
  version "2.0.5"
  resolved "https://registry.yarnpkg.com/lilconfig/-/lilconfig-2.0.5.tgz#19e57fd06ccc3848fd1891655b5a447092225b25"
  integrity sha512-xaYmXZtTHPAw5m+xLN8ab9C+3a8YmV3asNSPOATITbtwrfbwaLJj8h66H1WMIpALCkqsIzK3h7oQ+PdX+LQ9Eg==

loose-envify@^1.1.0:
  version "1.4.0"
  resolved "https://registry.yarnpkg.com/loose-envify/-/loose-envify-1.4.0.tgz#71ee51fa7be4caec1a63839f7e682d8132d30caf"
  integrity sha512-lyuxPGr/Wfhrlem2CL/UcnUc1zcqKAImBDzukY7Y5F/yQiNdko6+fRLevlw1HgMySw7f611UIY408EtxRSoK3Q==
  dependencies:
    js-tokens "^3.0.0 || ^4.0.0"

merge2@^1.3.0:
  version "1.4.1"
  resolved "https://registry.yarnpkg.com/merge2/-/merge2-1.4.1.tgz#4368892f885e907455a6fd7dc55c0c9d404990ae"
  integrity sha512-8q7VEgMJW4J8tcfVPy8g09NcQwZdbwFEqhe/WZkoIzjn/3TGDwtOCYtXGxA3O8tPzpczCCDgv+P2P5y00ZJOOg==

micromatch@^4.0.4:
  version "4.0.5"
  resolved "https://registry.yarnpkg.com/micromatch/-/micromatch-4.0.5.tgz#bc8999a7cbbf77cdc89f132f6e467051b49090c6"
  integrity sha512-DMy+ERcEW2q8Z2Po+WNXuw3c5YaUSFjAO5GsJqfEl7UjvtIuFKO6ZrKvcItdy98dwFI2N1tg3zNIdKaQT+aNdA==
  dependencies:
    braces "^3.0.2"
    picomatch "^2.3.1"

minimist@^1.1.1:
  version "1.2.6"
  resolved "https://registry.yarnpkg.com/minimist/-/minimist-1.2.6.tgz#8637a5b759ea0d6e98702cfb3a9283323c93af44"
  integrity sha512-Jsjnk4bw3YJqYzbdyBiNsPWHPfO++UGG749Cxs6peCu5Xg4nrena6OVxOYxrQTqww0Jmwt+Ref8rggumkTLz9Q==

nanoid@^3.3.4:
  version "3.3.4"
  resolved "https://registry.yarnpkg.com/nanoid/-/nanoid-3.3.4.tgz#730b67e3cd09e2deacf03c027c81c9d9dbc5e8ab"
  integrity sha512-MqBkQh/OHTS2egovRtLk45wEyNXwF+cokD+1YPf9u5VfJiRdAiRwB2froX5Co9Rh20xs4siNPm8naNotSD6RBw==

nanoid@^3.3.6:
  version "3.3.16"
  resolved "https://registry.yarnpkg.com/nanoid/-/nanoid-3.3.16.tgz#a04d8ec4b1f10009d2d533947aefe4293737816c"
  integrity sha512-bzlKTyNJ7+LdGIIwy8ijFpIqEQIvafahV7eYykJ8Cvh42EdJeODoJ6gUJXpQJvej1BddH8OqTXZNE/KfbWAu8Q==

next@latest:
  version "16.2.12"
  resolved "https://registry.yarnpkg.com/next/-/next-16.2.12.tgz#70c834b297c9ac573a41b00555b507a827506a52"
  integrity sha512-iD59eYQWmbFcEbX7v/acG5DRym9iw1DdaPoD0WTA920naWsE25wShzJW4+UvAs8MK9EC2kBfIH6vtto1H1PHGw==
  dependencies:
    "@next/env" "16.2.12"
    "@swc/helpers" "0.5.15"
    baseline-browser-mapping "^2.9.19"
    caniuse-lite "^1.0.30001579"
    postcss "8.4.31"
    styled-jsx "5.1.6"
  optionalDependencies:
    "@next/swc-darwin-arm64" "16.2.12"
    "@next/swc-darwin-x64" "16.2.12"
    "@next/swc-linux-arm64-gnu" "16.2.12"
    "@next/swc-linux-arm64-musl" "16.2.12"
    "@next/swc-linux-x64-gnu" "16.2.12"
    "@next/swc-linux-x64-musl" "16.2.12"
    "@next/swc-win32-arm64-msvc" "16.2.12"
    "@next/swc-win32-x64-msvc" "16.2.12"
    sharp "^0.34.5"

node-releases@^2.0.3:
  version "2.0.4"
  resolved "https://registry.yarnpkg.com/node-releases/-/node-releases-2.0.4.tgz#f38252370c43854dc48aa431c766c6c398f40476"
  integrity sha512-gbMzqQtTtDz/00jQzZ21PQzdI9PyLYqUSvD0p3naOhX4odFji0ZxYdnVwPTxmSwkmxhcFImpozceidSG+AgoPQ==

normalize-path@^3.0.0, normalize-path@~3.0.0:
  version "3.0.0"
  resolved "https://registry.yarnpkg.com/normalize-path/-/normalize-path-3.0.0.tgz#0dcd69ff23a1c9b11fd0978316644a0388216a65"
  integrity sha512-6eZs5Ls3WtCisHWp9S2GUy8dqkpGi4BVSz3GaqiE6ezub0512ESztXUwUB6C6IKbQkY2Pnb/mD4WYojCRwcwLA==

normalize-range@^0.1.2:
  version "0.1.2"
  resolved "https://registry.yarnpkg.com/normalize-range/-/normalize-range-0.1.2.tgz#2d10c06bdfd312ea9777695a4d28439456b75942"
  integrity sha1-LRDAa9/TEuqXd2laTShDlFa3WUI=

object-hash@^3.0.0:
  version "3.0.0"
  resolved "https://registry.yarnpkg.com/object-hash/-/object-hash-3.0.0.tgz#73f97f753e7baffc0e2cc9d6e079079744ac82e9"
  integrity sha512-RSn9F68PjH9HqtltsSnqYC1XXoWe9Bju5+213R98cNGttag9q9yAOTzdbsqvIa7aNm5WffBZFpWYr2aWrklWAw==

path-parse@^1.0.7:
  version "1.0.7"
  resolved "https://registry.yarnpkg.com/path-parse/-/path-parse-1.0.7.tgz#fbc114b60ca42b30d9daf5858e4bd68bbedb6735"
  integrity sha512-LDJzPVEEEPR+y48z93A0Ed0yXb8pAByGWo/k5YYdYgpY2/2EsOsksJrq7lOHxryrVOn1ejG6oAp8ahvOIQD8sw==

picocolors@^1.0.0:
  version "1.0.0"
  resolved "https://registry.yarnpkg.com/picocolors/-/picocolors-1.0.0.tgz#cb5bdc74ff3f51892236eaf79d68bc44564ab81c"
  integrity sha512-1fygroTLlHu66zi26VoTDv8yRgm0Fccecssto+MhsZ0D/DGW2sm8E8AjW7NU5VVTRt5GxbeZ5qBuJr+HyLYkjQ==

picomatch@^2.0.4, picomatch@^2.2.1, picomatch@^2.3.1:
  version "2.3.1"
  resolved "https://registry.yarnpkg.com/picomatch/-/picomatch-2.3.1.tgz#3ba3833733646d9d3e4995946c1365a67fb07a42"
  integrity sha512-JU3teHTNjmE2VCGFzuY8EXzCDVwEqB2a8fsIvwaStHhAWJEeVd1o1QD80CU6+ZdEXXSLbSsuLwJjkCBWqRQUVA==

postcss-js@^4.0.0:
  version "4.0.0"
  resolved "https://registry.yarnpkg.com/postcss-js/-/postcss-js-4.0.0.tgz#31db79889531b80dc7bc9b0ad283e418dce0ac00"
  integrity sha512-77QESFBwgX4irogGVPgQ5s07vLvFqWr228qZY+w6lW599cRlK/HmnlivnnVUxkjHnCu4J16PDMHcH+e+2HbvTQ==
  dependencies:
    camelcase-css "^2.0.1"

postcss-load-config@^3.1.4:
  version "3.1.4"
  resolved "https://registry.yarnpkg.com/postcss-load-config/-/postcss-load-config-3.1.4.tgz#1ab2571faf84bb078877e1d07905eabe9ebda855"
  integrity sha512-6DiM4E7v4coTE4uzA8U//WhtPwyhiim3eyjEMFCnUpzbrkK9wJHgKDT2mR+HbtSrd/NubVaYTOpSpjUl8NQeRg==
  dependencies:
    lilconfig "^2.0.5"
    yaml "^1.10.2"

postcss-nested@5.0.6:
  version "5.0.6"
  resolved "https://registry.yarnpkg.com/postcss-nested/-/postcss-nested-5.0.6.tgz#466343f7fc8d3d46af3e7dba3fcd47d052a945bc"
  integrity sha512-rKqm2Fk0KbA8Vt3AdGN0FB9OBOMDVajMG6ZCf/GoHgdxUJ4sBFp0A/uMIRm+MJUdo33YXEtjqIz8u7DAp8B7DA==
  dependencies:
    postcss-selector-parser "^6.0.6"

postcss-selector-parser@^6.0.10, postcss-selector-parser@^6.0.6:
  version "6.0.10"
  resolved "https://registry.yarnpkg.com/postcss-selector-parser/-/postcss-selector-parser-6.0.10.tgz#79b61e2c0d1bfc2602d549e11d0876256f8df88d"
  integrity sha512-IQ7TZdoaqbT+LCpShg46jnZVlhWD2w6iQYAcYXfHARZ7X1t/UGhhceQDs5X0cGqKvYlHNOuv7Oa1xmb0oQuA3w==
  dependencies:
    cssesc "^3.0.0"
    util-deprecate "^1.0.2"

postcss-value-parser@^4.2.0:
  version "4.2.0"
  resolved "https://registry.yarnpkg.com/postcss-value-parser/-/postcss-value-parser-4.2.0.tgz#723c09920836ba6d3e5af019f92bc0971c02e514"
  integrity sha512-1NNCs6uurfkVbeXG4S8JFT9t19m45ICnif8zWLd5oPSZ50QnwMfK+H3jv408d4jw/7Bttv5axS5IiHoLaVNHeQ==

postcss@8.4.14:
  version "8.4.14"
  resolved "https://registry.yarnpkg.com/postcss/-/postcss-8.4.14.tgz#ee9274d5622b4858c1007a74d76e42e56fd21caf"
  integrity sha512-E398TUmfAYFPBSdzgeieK2Y1+1cpdxJx8yXbK/m57nRhKSmk1GB2tO4lbLBtlkfPQTDKfe4Xqv1ASWPpayPEig==
  dependencies:
    nanoid "^3.3.4"
    picocolors "^1.0.0"
    source-map-js "^1.0.2"

postcss@8.4.31, postcss@^8.4.12:
  version "8.4.31"
  resolved "https://registry.yarnpkg.com/postcss/-/postcss-8.4.31.tgz#92b451050a9f914da6755af352bdc0192508656d"
  integrity sha512-PS08Iboia9mts/2ygV3eLpY5ghnUcfLV/EXTOW1E2qYxJKGGBUtNjN76FYHnMs36RmARn41bC0AZmn+rR0OVpQ==
  dependencies:
    nanoid "^3.3.6"
    picocolors "^1.0.0"
    source-map-js "^1.0.2"

prettier-plugin-tailwindcss@0.1.11:
  version "0.1.11"
  resolved "https://registry.yarnpkg.com/prettier-plugin-tailwindcss/-/prettier-plugin-tailwindcss-0.1.11.tgz#6112da68d9d022b7f896d35c070464931c99c35f"
  integrity sha512-a28+1jvpIZQdZ/W97wOXb6VqI762MKE/TxMMuibMEHhyYsSxQA8Ek30KObd5kJI2HF1ldtSYprFayXJXi3pz8Q==

prettier@2.6.2:
  version "2.6.2"
  resolved "https://registry.yarnpkg.com/prettier/-/prettier-2.6.2.tgz#e26d71a18a74c3d0f0597f55f01fb6c06c206032"
  integrity sha512-PkUpF+qoXTqhOeWL9fu7As8LXsIUZ1WYaJiY/a7McAQzxjk82OF0tibkFXVCDImZtWxbvojFjerkiLb0/q8mew==

queue-microtask@^1.2.2:
  version "1.2.3"
  resolved "https://registry.yarnpkg.com/queue-microtask/-/queue-microtask-1.2.3.tgz#4929228bbc724dfac43e0efb058caf7b6cfb6243"
  integrity sha512-NuaNSa6flKT5JaSYQzJok04JzTL1CA6aGhv5rfLW3PgqA+M2ChpZQnAC8h8i4ZFkBS8X5RqkDBHA7r4hej3K9A==

quick-lru@^5.1.1:
  version "5.1.1"
  resolved "https://registry.yarnpkg.com/quick-lru/-/quick-lru-5.1.1.tgz#366493e6b3e42a3a6885e2e99d18f80fb7a8c932"
  integrity sha512-WuyALRjWPDGtt/wzJiadO5AXY+8hZ80hVpe6MyivgraREW751X3SbhRvG3eLKOYN+8VEvqLcf3wdnt44Z4S4SA==

react-dom@18.1.0:
  version "18.1.0"
  resolved "https://registry.yarnpkg.com/react-dom/-/react-dom-18.1.0.tgz#7f6dd84b706408adde05e1df575b3a024d7e8a2f"
  integrity sha512-fU1Txz7Budmvamp7bshe4Zi32d0ll7ect+ccxNu9FlObT605GOEB8BfO4tmRJ39R5Zj831VCpvQ05QPBW5yb+w==
  dependencies:
    loose-envify "^1.1.0"
    scheduler "^0.22.0"

react-twitter-embed@4.0.4:
  version "4.0.4"
  resolved "https://registry.yarnpkg.com/react-twitter-embed/-/react-twitter-embed-4.0.4.tgz#4a6b8354acc266876ff1110b9f648518ea20db6d"
  integrity sha512-2JIL7qF+U62zRzpsh6SZDXNI3hRNVYf5vOZ1WRcMvwKouw+xC00PuFaD0aEp2wlyGaZ+f4x2VvX+uDadFQ3HVA==
  dependencies:
    scriptjs "^2.5.9"

react@18.1.0:
  version "18.1.0"
  resolved "https://registry.yarnpkg.com/react/-/react-18.1.0.tgz#6f8620382decb17fdc5cc223a115e2adbf104890"
  integrity sha512-4oL8ivCz5ZEPyclFQXaNksK3adutVS8l2xzZU0cqEFrE9Sb7fC0EFK5uEk74wIreL1DERyjvsU915j1pcT2uEQ==
  dependencies:
    loose-envify "^1.1.0"

readdirp@~3.6.0:
  version "3.6.0"
  resolved "https://registry.yarnpkg.com/readdirp/-/readdirp-3.6.0.tgz#74a370bd857116e245b29cc97340cd431a02a6c7"
  integrity sha512-hOS089on8RduqdbhvQ5Z37A0ESjsqz6qnRcffsMU3495FuTdqSm+7bhJ29JvIOsBDEEnan5DPu9t3To9VRlMzA==
  dependencies:
    picomatch "^2.2.1"

resolve@^1.22.0:
  version "1.22.0"
  resolved "https://registry.yarnpkg.com/resolve/-/resolve-1.22.0.tgz#5e0b8c67c15df57a89bdbabe603a002f21731198"
  integrity sha512-Hhtrw0nLeSrFQ7phPp4OOcVjLPIeMnRlr5mcnVuMe7M/7eBn98A3hmFRLoFo3DLZkivSYwhRUJTyPyWAk56WLw==
  dependencies:
    is-core-module "^2.8.1"
    path-parse "^1.0.7"
    supports-preserve-symlinks-flag "^1.0.0"

reusify@^1.0.4:
  version "1.0.4"
  resolved "https://registry.yarnpkg.com/reusify/-/reusify-1.0.4.tgz#90da382b1e126efc02146e90845a88db12925d76"
  integrity sha512-U9nH88a3fc/ekCF1l0/UP1IosiuIjyTh7hBvXVMHYgVcfGvt897Xguj2UOLDeI5BG2m7/uwyaLVT6fbtCwTyzw==

run-parallel@^1.1.9:
  version "1.2.0"
  resolved "https://registry.yarnpkg.com/run-parallel/-/run-parallel-1.2.0.tgz#66d1368da7bdf921eb9d95bd1a9229e7f21a43ee"
  integrity sha512-5l4VyZR86LZ/lDxZTR6jqL8AFE2S0IFLMP26AbjsLVADxHdhB/c0GUsH+y39UfCi3dzz8OlQuPmnaJOMoDHQBA==
  dependencies:
    queue-microtask "^1.2.2"

scheduler@^0.22.0:
  version "0.22.0"
  resolved "https://registry.yarnpkg.com/scheduler/-/scheduler-0.22.0.tgz#83a5d63594edf074add9a7198b1bae76c3db01b8"
  integrity sha512-6QAm1BgQI88NPYymgGQLCZgvep4FyePDWFpXVK+zNSUgHwlqpJy8VEh8Et0KxTACS4VWwMousBElAZOH9nkkoQ==
  dependencies:
    loose-envify "^1.1.0"

scriptjs@^2.5.9:
  version "2.5.9"
  resolved "https://registry.yarnpkg.com/scriptjs/-/scriptjs-2.5.9.tgz#343915cd2ec2ed9bfdde2b9875cd28f59394b35f"
  integrity sha512-qGVDoreyYiP1pkQnbnFAUIS5AjenNwwQBdl7zeos9etl+hYKWahjRTfzAZZYBv5xNHx7vNKCmaLDQZ6Fr2AEXg==

semver@^7.7.3:
  version "7.8.5"
  resolved "https://registry.yarnpkg.com/semver/-/semver-7.8.5.tgz#39b646037dd50c14fb451e7e4cac58ed8b863f69"
  integrity sha512-Y7/KDsb8LjooZpwaqGyulO6DQlksgCncchHGk+sZIY4SBvUocMBEFH5Ur1fI4dV+Jvl0w6cjvucaIi40puRioA==

sharp@^0.34.5:
  version "0.34.5"
  resolved "https://registry.yarnpkg.com/sharp/-/sharp-0.34.5.tgz#b6f148e4b8c61f1797bde11a9d1cfebbae2c57b0"
  integrity sha512-Ou9I5Ft9WNcCbXrU9cMgPBcCK8LiwLqcbywW3t4oDV37n1pzpuNLsYiAV8eODnjbtQlSDwZ2cUEeQz4E54Hltg==
  dependencies:
    "@img/colour" "^1.0.0"
    detect-libc "^2.1.2"
    semver "^7.7.3"
  optionalDependencies:
    "@img/sharp-darwin-arm64" "0.34.5"
    "@img/sharp-darwin-x64" "0.34.5"
    "@img/sharp-libvips-darwin-arm64" "1.2.4"
    "@img/sharp-libvips-darwin-x64" "1.2.4"
    "@img/sharp-libvips-linux-arm" "1.2.4"
    "@img/sharp-libvips-linux-arm64" "1.2.4"
    "@img/sharp-libvips-linux-ppc64" "1.2.4"
    "@img/sharp-libvips-linux-riscv64" "1.2.4"
    "@img/sharp-libvips-linux-s390x" "1.2.4"
    "@img/sharp-libvips-linux-x64" "1.2.4"
    "@img/sharp-libvips-linuxmusl-arm64" "1.2.4"
    "@img/sharp-libvips-linuxmusl-x64" "1.2.4"
    "@img/sharp-linux-arm" "0.34.5"
    "@img/sharp-linux-arm64" "0.34.5"
    "@img/sharp-linux-ppc64" "0.34.5"
    "@img/sharp-linux-riscv64" "0.34.5"
    "@img/sharp-linux-s390x" "0.34.5"
    "@img/sharp-linux-x64" "0.34.5"
    "@img/sharp-linuxmusl-arm64" "0.34.5"
    "@img/sharp-linuxmusl-x64" "0.34.5"
    "@img/sharp-wasm32" "0.34.5"
    "@img/sharp-win32-arm64" "0.34.5"
    "@img/sharp-win32-ia32" "0.34.5"
    "@img/sharp-win32-x64" "0.34.5"

source-map-js@^1.0.2:
  version "1.0.2"
  resolved "https://registry.yarnpkg.com/source-map-js/-/source-map-js-1.0.2.tgz#adbc361d9c62df380125e7f161f71c826f1e490c"
  integrity sha512-R0XvVJ9WusLiqTCEiGCmICCMplcCkIwwR11mOSD9CR5u+IXYdiseeEuXCVAjS54zqwkLcPNnmU4OeJ6tUrWhDw==

styled-jsx@5.1.6:
  version "5.1.6"
  resolved "https://registry.yarnpkg.com/styled-jsx/-/styled-jsx-5.1.6.tgz#83b90c077e6c6a80f7f5e8781d0f311b2fe41499"
  integrity sha512-qSVyDTeMotdvQYoHWLNGwRFJHC+i+ZvdBRYosOFgC+Wg1vx4frN2/RG/NA7SYqqvKNLf39P2LSRA2pu6n0XYZA==
  dependencies:
    client-only "0.0.1"

supports-preserve-symlinks-flag@^1.0.0:
  version "1.0.0"
  resolved "https://registry.yarnpkg.com/supports-preserve-symlinks-flag/-/supports-preserve-symlinks-flag-1.0.0.tgz#6eda4bd344a3c94aea376d4cc31bc77311039e09"
  integrity sha512-ot0WnXS9fgdkgIcePe6RHNk1WA8+muPa6cSjeR3V8K27q9BB1rTE3R1p7Hv0z1ZyAc8s6Vvv8DIyWf681MAt0w==

tailwindcss@3.0.24:
  version "3.0.24"
  resolved "https://registry.yarnpkg.com/tailwindcss/-/tailwindcss-3.0.24.tgz#22e31e801a44a78a1d9a81ecc52e13b69d85704d"
  integrity sha512-H3uMmZNWzG6aqmg9q07ZIRNIawoiEcNFKDfL+YzOPuPsXuDXxJxB9icqzLgdzKNwjG3SAro2h9SYav8ewXNgig==
  dependencies:
    arg "^5.0.1"
    chokidar "^3.5.3"
    color-name "^1.1.4"
    detective "^5.2.0"
    didyoumean "^1.2.2"
    dlv "^1.1.3"
    fast-glob "^3.2.11"
    glob-parent "^6.0.2"
    is-glob "^4.0.3"
    lilconfig "^2.0.5"
    normalize-path "^3.0.0"
    object-hash "^3.0.0"
    picocolors "^1.0.0"
    postcss "^8.4.12"
    postcss-js "^4.0.0"
    postcss-load-config "^3.1.4"
    postcss-nested "5.0.6"
    postcss-selector-parser "^6.0.10"
    postcss-value-parser "^4.2.0"
    quick-lru "^5.1.1"
    resolve "^1.22.0"

to-regex-range@^5.0.1:
  version "5.0.1"
  resolved "https://registry.yarnpkg.com/to-regex-range/-/to-regex-range-5.0.1.tgz#1648c44aae7c8d988a326018ed72f5b4dd0392e4"
  integrity sha512-65P7iz6X5yEr1cwcgvQxbbIw7Uk3gOy5dIdtZ4rDveLqhrdJP+Li/Hx6tyK0NEb+2GCyneCMJiGqrADCSNk8sQ==
  dependencies:
    is-number "^7.0.0"

tslib@^2.4.0, tslib@^2.8.0:
  version "2.8.1"
  resolved "https://registry.yarnpkg.com/tslib/-/tslib-2.8.1.tgz#612efe4ed235d567e8aba5f2a5fab70280ade83f"
  integrity sha512-oJFu94HQb+KVduSUQL7wnpmqnfmLsOA/nAh6b6EH0wCEoK0/mPeXU6c3wKDV83MkOuHPRHtSXKKU99IBazS/2w==

typescript@4.6.4:
  version "4.6.4"
  resolved "https://registry.yarnpkg.com/typescript/-/typescript-4.6.4.tgz#caa78bbc3a59e6a5c510d35703f6a09877ce45e9"
  integrity sha512-9ia/jWHIEbo49HfjrLGfKbZSuWo9iTMwXO+Ca3pRsSpbsMbc7/IU8NKdCZVRRBafVPGnoJeFL76ZOAA84I9fEg==

util-deprecate@^1.0.2:
  version "1.0.2"
  resolved "https://registry.yarnpkg.com/util-deprecate/-/util-deprecate-1.0.2.tgz#450d4dc9fa70de732762fbd2d4a28981419a0ccf"
  integrity sha1-RQ1Nyfpw3nMnYvvS1KKJgUGaDM8=

xtend@^4.0.2:
  version "4.0.2"
  resolved "https://registry.yarnpkg.com/xtend/-/xtend-4.0.2.tgz#bb72779f5fa465186b1f438f674fa347fdb5db54"
  integrity sha512-LKYU1iAXJXUgAXn9URjiu+MWhyUXHsvfp7mcuYm9dSUKK0/CjtrUwFAxD82/mCWbtLsGjFIad0wIsod4zrTAEQ==

yaml@^1.10.2:
  version "1.10.2"
  resolved "https://registry.yarnpkg.com/yaml/-/yaml-1.10.2.tgz#2301c5ffbf12b467de8da2333a459e29e7920e4b"
  integrity sha512-r3vXyErRCYJ7wg28yvBY5VSoAF8ZvlcW9/BwUzEtUsjvX/DKs24dIkuwjtuprwJJHsbyUbLApepYTR1BN4uHrg==
